// !$*UTF8*$!
{
	archiveVersion = 1;
	classes = {
	};
	objectVersion = 56;
	objects = {

/* Begin PBXBuildFile section */
		600622522C645A6900F73A4B /* RandomUsersApp.swift in Sources */ = {isa = PBXBuildFile; fileRef = 600622512C645A6900F73A4B /* RandomUsersApp.swift */; };
		600622542C645A6900F73A4B /* ContentView.swift in Sources */ = {isa = PBXBuildFile; fileRef = 600622532C645A6900F73A4B /* ContentView.swift */; };
		600622562C645A6A00F73A4B /* Assets.xcassets in Resources */ = {isa = PBXBuildFile; fileRef = 600622552C645A6A00F73A4B /* Assets.xcassets */; };
		600622592C645A6A00F73A4B /* Preview Assets.xcassets in Resources */ = {isa = PBXBuildFile; fileRef = 600622582C645A6A00F73A4B /* Preview Assets.xcassets */; };
		600622632C645A6A00F73A4B /* RandomUsersTests.swift in Sources */ = {isa = PBXBuildFile; fileRef = 600622622C645A6A00F73A4B /* RandomUsersTests.swift */; };
		6006226D2C645A6A00F73A4B /* RandomUsersUITests.swift in Sources */ = {isa = PBXBuildFile; fileRef = 6006226C2C645A6A00F73A4B /* RandomUsersUITests.swift */; };
		6006226F2C645A6A00F73A4B /* RandomUsersUITestsLaunchTests.swift in Sources */ = {isa = PBXBuildFile; fileRef = 6006226E2C645A6A00F73A4B /* RandomUsersUITestsLaunchTests.swift */; };
		6006227C2C645AC600F73A4B /* UserFetchingClient.swift in Sources */ = {isa = PBXBuildFile; fileRef = 6006227B2C645AC600F73A4B /* UserFetchingClient.swift */; };
		6006227E2C64771800F73A4B /* UserData.swift in Sources */ = {isa = PBXBuildFile; fileRef = 6006227D2C64771800F73A4B /* UserData.swift */; };
		600622802C64783F00F73A4B /* UsersView.swift in Sources */ = {isa = PBXBuildFile; fileRef = 6006227F2C64783F00F73A4B /* UsersView.swift */; };
		600622822C647A4100F73A4B /* User.swift in Sources */ = {isa = PBXBuildFile; fileRef = 600622812C647A4100F73A4B /* User.swift */; };
		600622842C647D9400F73A4B /* randomUsers.json in Resources */ = {isa = PBXBuildFile; fileRef = 600622832C647D9400F73A4B /* randomUsers.json */; };
/* End PBXBuildFile section */

/* Begin PBXContainerItemProxy section */
		6006225F2C645A6A00F73A4B /* PBXContainerItemProxy */ = {
			isa = PBXContainerItemProxy;
			containerPortal = 600622462C645A6900F73A4B /* Project object */;
			proxyType = 1;
			remoteGlobalIDString = 6006224D2C645A6900F73A4B;
			remoteInfo = RandomUsers;
		};
		600622692C645A6A00F73A4B /* PBXContainerItemProxy */ = {
			isa = PBXContainerItemProxy;
			containerPortal = 600622462C645A6900F73A4B /* Project object */;
			proxyType = 1;
			remoteGlobalIDString = 6006224D2C645A6900F73A4B;
			remoteInfo = RandomUsers;
		};
/* End PBXContainerItemProxy section */

/* Begin PBXFileReference section */
		6006224E2C645A6900F73A4B /* RandomUsers.app */ = {isa = PBXFileReference; explicitFileType = wrapper.application; includeInIndex = 0; path = RandomUsers.app; sourceTree = BUILT_PRODUCTS_DIR; };
		600622512C645A6900F73A4B /* RandomUsersApp.swift */ = {isa = PBXFileReference; lastKnownFileType = sourcecode.swift; path = RandomUsersApp.swift; sourceTree = "<group>"; };
		600622532C645A6900F73A4B /* ContentView.swift */ = {isa = PBXFileReference; lastKnownFileType = sourcecode.swift; path = ContentView.swift; sourceTree = "<group>"; };
		600622552C645A6A00F73A4B /* Assets.xcassets */ = {isa = PBXFileReference; lastKnownFileType = folder.assetcatalog; path = Assets.xcassets; sourceTree = "<group>"; };
		600622582C645A6A00F73A4B /* Preview Assets.xcassets */ = {isa = PBXFileReference; lastKnownFileType = folder.assetcatalog; path = "Preview Assets.xcassets"; sourceTree = "<group>"; };
		6006225E2C645A6A00F73A4B /* RandomUsersTests.xctest */ = {isa = PBXFileReference; explicitFileType = wrapper.cfbundle; includeInIndex = 0; path = RandomUsersTests.xctest; sourceTree = BUILT_PRODUCTS_DIR; };
		600622622C645A6A00F73A4B /* RandomUsersTests.swift */ = {isa = PBXFileReference; lastKnownFileType = sourcecode.swift; path = RandomUsersTests.swift; sourceTree = "<group>"; };
		600622682C645A6A00F73A4B /* RandomUsersUITests.xctest */ = {isa = PBXFileReference; explicitFileType = wrapper.cfbundle; includeInIndex = 0; path = RandomUsersUITests.xctest; sourceTree = BUILT_PRODUCTS_DIR; };
		6006226C2C645A6A00F73A4B /* RandomUsersUITests.swift */ = {isa = PBXFileReference; lastKnownFileType = sourcecode.swift; path = RandomUsersUITests.swift; sourceTree = "<group>"; };
		6006226E2C645A6A00F73A4B /* RandomUsersUITestsLaunchTests.swift */ = {isa = PBXFileReference; lastKnownFileType = sourcecode.swift; path = RandomUsersUITestsLaunchTests.swift; sourceTree = "<group>"; };
		6006227B2C645AC600F73A4B /* UserFetchingClient.swift */ = {isa = PBXFileReference; lastKnownFileType = sourcecode.swift; path = UserFetchingClient.swift; sourceTree = "<group>"; };
		6006227D2C64771800F73A4B /* UserData.swift */ = {isa = PBXFileReference; lastKnownFileType = sourcecode.swift; path = UserData.swift; sourceTree = "<group>"; };
		6006227F2C64783F00F73A4B /* UsersView.swift */ = {isa = PBXFileReference; lastKnownFileType = sourcecode.swift; path = UsersView.swift; sourceTree = "<group>"; };
		600622812C647A4100F73A4B /* User.swift */ = {isa = PBXFileReference; lastKnownFileType = sourcecode.swift; path = User.swift; sourceTree = "<group>"; };
		600622832C647D9400F73A4B /* randomUsers.json */ = {isa = PBXFileReference; lastKnownFileType = text.json; path = randomUsers.json; sourceTree = "<group>"; };
/* End PBXFileReference section */

/* Begin PBXFrameworksBuildPhase section */
		6006224B2C645A6900F73A4B /* Frameworks */ = {
			isa = PBXFrameworksBuildPhase;
			buildActionMask = 2147483647;
			files = (
			);
			runOnlyForDeploymentPostprocessing = 0;
		};
		6006225B2C645A6A00F73A4B /* Frameworks */ = {
			isa = PBXFrameworksBuildPhase;
			buildActionMask = 2147483647;
			files = (
			);
			runOnlyForDeploymentPostprocessing = 0;
		};
		600622652C645A6A00F73A4B /* Frameworks */ = {
			isa = PBXFrameworksBuildPhase;
			buildActionMask = 2147483647;
			files = (
			);
			runOnlyForDeploymentPostprocessing = 0;
		};
/* End PBXFrameworksBuildPhase section */

/* Begin PBXGroup section */
		600622452C645A6900F73A4B = {
			isa = PBXGroup;
			children = (
				600622832C647D9400F73A4B /* randomUsers.json */,
				600622502C645A6900F73A4B /* RandomUsers */,
				600622612C645A6A00F73A4B /* RandomUsersTests */,
				6006226B2C645A6A00F73A4B /* RandomUsersUITests */,
				6006224F2C645A6900F73A4B /* Products */,
			);
			sourceTree = "<group>";
		};
		6006224F2C645A6900F73A4B /* Products */ = {
			isa = PBXGroup;
			children = (
				6006224E2C645A6900F73A4B /* RandomUsers.app */,
				6006225E2C645A6A00F73A4B /* RandomUsersTests.xctest */,
				600622682C645A6A00F73A4B /* RandomUsersUITests.xctest */,
			);
			name = Products;
			sourceTree = "<group>";
		};
		600622502C645A6900F73A4B /* RandomUsers */ = {
			isa = PBXGroup;
			children = (
				600622512C645A6900F73A4B /* RandomUsersApp.swift */,
				600622532C645A6900F73A4B /* ContentView.swift */,
				6006227B2C645AC600F73A4B /* UserFetchingClient.swift */,
				6006227D2C64771800F73A4B /* UserData.swift */,
				600622812C647A4100F73A4B /* User.swift */,
				6006227F2C64783F00F73A4B /* UsersView.swift */,
				600622552C645A6A00F73A4B /* Assets.xcassets */,
				600622572C645A6A00F73A4B /* Preview Content */,
			);
			path = RandomUsers;
			sourceTree = "<group>";
		};
		600622572C645A6A00F73A4B /* Preview Content */ = {
			isa = PBXGroup;
			children = (
				600622582C645A6A00F73A4B /* Preview Assets.xcassets */,
			);
			path = "Preview Content";
			sourceTree = "<group>";
		};
		600622612C645A6A00F73A4B /* RandomUsersTests */ = {
			isa = PBXGroup;
			children = (
				600622622C645A6A00F73A4B /* RandomUsersTests.swift */,
			);
			path = RandomUsersTests;
			sourceTree = "<group>";
		};
		6006226B2C645A6A00F73A4B /* RandomUsersUITests */ = {
			isa = PBXGroup;
			children = (
				6006226C2C645A6A00F73A4B /* RandomUsersUITests.swift */,
				6006226E2C645A6A00F73A4B /* RandomUsersUITestsLaunchTests.swift */,
			);
			path = RandomUsersUITests;
			sourceTree = "<group>";
		};
/* End PBXGroup section */

/* Begin PBXNativeTarget section */
		6006224D2C645A6900F73A4B /* RandomUsers */ = {
			isa = PBXNativeTarget;
			buildConfigurationList = 600622722C645A6A00F73A4B /* Build configuration list for PBXNativeTarget "RandomUsers" */;
			buildPhases = (
				6006224A2C645A6900F73A4B /* Sources */,
				6006224B2C645A6900F73A4B /* Frameworks */,
				6006224C2C645A6900F73A4B /* Resources */,
			);
			buildRules = (
			);
			dependencies = (
			);
			name = RandomUsers;
			productName = RandomUsers;
			productReference = 6006224E2C645A6900F73A4B /* RandomUsers.app */;
			productType = "com.apple.product-type.application";
		};
		6006225D2C645A6A00F73A4B /* RandomUsersTests */ = {
			isa = PBXNativeTarget;
			buildConfigurationList = 600622752C645A6A00F73A4B /* Build configuration list for PBXNativeTarget "RandomUsersTests" */;
			buildPhases = (
				6006225A2C645A6A00F73A4B /* Sources */,
				6006225B2C645A6A00F73A4B /* Frameworks */,
				6006225C2C645A6A00F73A4B /* Resources */,
			);
			buildRules = (
			);
			dependencies = (
				600622602C645A6A00F73A4B /* PBXTargetDependency */,
			);
			name = RandomUsersTests;
			productName = RandomUsersTests;
			productReference = 6006225E2C645A6A00F73A4B /* RandomUsersTests.xctest */;
			productType = "com.apple.product-type.bundle.unit-test";
		};
		600622672C645A6A00F73A4B /* RandomUsersUITests */ = {
			isa = PBXNativeTarget;
			buildConfigurationList = 600622782C645A6A00F73A4B /* Build configuration list for PBXNativeTarget "RandomUsersUITests" */;
			buildPhases = (
				600622642C645A6A00F73A4B /* Sources */,
				600622652C645A6A00F73A4B /* Frameworks */,
				600622662C645A6A00F73A4B /* Resources */,
			);
			buildRules = (
			);
			dependencies = (
				6006226A2C645A6A00F73A4B /* PBXTargetDependency */,
			);
			name = RandomUsersUITests;
			productName = RandomUsersUITests;
			productReference = 600622682C645A6A00F73A4B /* RandomUsersUITests.xctest */;
			productType = "com.apple.product-type.bundle.ui-testing";
		};
/* End PBXNativeTarget section */

/* Begin PBXProject section */
		600622462C645A6900F73A4B /* Project object */ = {
			isa = PBXProject;
			attributes = {
				BuildIndependentTargetsInParallel = 1;
				LastSwiftUpdateCheck = 1540;
				LastUpgradeCheck = 1540;
				TargetAttributes = {
					6006224D2C645A6900F73A4B = {
						CreatedOnToolsVersion = 15.4;
					};
					6006225D2C645A6A00F73A4B = {
						CreatedOnToolsVersion = 15.4;
						TestTargetID = 6006224D2C645A6900F73A4B;
					};
					600622672C645A6A00F73A4B = {
						CreatedOnToolsVersion = 15.4;
						TestTargetID = 6006224D2C645A6900F73A4B;
					};
				};
			};
			buildConfigurationList = 600622492C645A6900F73A4B /* Build configuration list for PBXProject "RandomUsers" */;
			compatibilityVersion = "Xcode 14.0";
			developmentRegion = en;
			hasScannedForEncodings = 0;
			knownRegions = (
				en,
				Base,
			);
			mainGroup = 600622452C645A6900F73A4B;
			productRefGroup = 6006224F2C645A6900F73A4B /* Products */;
			projectDirPath = "";
			projectRoot = "";
			targets = (
				6006224D2C645A6900F73A4B /* RandomUsers */,
				6006225D2C645A6A00F73A4B /* RandomUsersTests */,
				600622672C645A6A00F73A4B /* RandomUsersUITests */,
			);
		};
/* End PBXProject section */

/* Begin PBXResourcesBuildPhase section */
		6006224C2C645A6900F73A4B /* Resources */ = {
			isa = PBXResourcesBuildPhase;
			buildActionMask = 2147483647;
			files = (
				600622592C645A6A00F73A4B /* Preview Assets.xcassets in Resources */,
				600622562C645A6A00F73A4B /* Assets.xcassets in Resources */,
				600622842C647D9400F73A4B /* randomUsers.json in Resources */,
			);
			runOnlyForDeploymentPostprocessing = 0;
		};
		6006225C2C645A6A00F73A4B /* Resources */ = {
			isa = PBXResourcesBuildPhase;
			buildActionMask = 2147483647;
			files = (
			);
			runOnlyForDeploymentPostprocessing = 0;
		};
		600622662C645A6A00F73A4B /* Resources */ = {
			isa = PBXResourcesBuildPhase;
			buildActionMask = 2147483647;
			files = (
			);
			runOnlyForDeploymentPostprocessing = 0;
		};
/* End PBXResourcesBuildPhase section */

/* Begin PBXSourcesBuildPhase section */
		6006224A2C645A6900F73A4B /* Sources */ = {
			isa = PBXSourcesBuildPhase;
			buildActionMask = 2147483647;
			files = (
				600622802C64783F00F73A4B /* UsersView.swift in Sources */,
				600622542C645A6900F73A4B /* ContentView.swift in Sources */,
				600622822C647A4100F73A4B /* User.swift in Sources */,
				600622522C645A6900F73A4B /* RandomUsersApp.swift in Sources */,
				6006227E2C64771800F73A4B /* UserData.swift in Sources */,
				6006227C2C645AC600F73A4B /* UserFetchingClient.swift in Sources */,
			);
			runOnlyForDeploymentPostprocessing = 0;
		};
		6006225A2C645A6A00F73A4B /* Sources */ = {
			isa = PBXSourcesBuildPhase;
			buildActionMask = 2147483647;
			files = (
				600622632C645A6A00F73A4B /* RandomUsersTests.swift in Sources */,
			);
			runOnlyForDeploymentPostprocessing = 0;
		};
		600622642C645A6A00F73A4B /* Sources */ = {
			isa = PBXSourcesBuildPhase;
			buildActionMask = 2147483647;
			files = (
				6006226F2C645A6A00F73A4B /* RandomUsersUITestsLaunchTests.swift in Sources */,
				6006226D2C645A6A00F73A4B /* RandomUsersUITests.swift in Sources */,
			);
			runOnlyForDeploymentPostprocessing = 0;
		};
/* End PBXSourcesBuildPhase section */

/* Begin PBXTargetDependency section */
		600622602C645A6A00F73A4B /* PBXTargetDependency */ = {
			isa = PBXTargetDependency;
			target = 6006224D2C645A6900F73A4B /* RandomUsers */;
			targetProxy = 6006225F2C645A6A00F73A4B /* PBXContainerItemProxy */;
		};
		6006226A2C645A6A00F73A4B /* PBXTargetDependency */ = {
			isa = PBXTargetDependency;
			target = 6006224D2C645A6900F73A4B /* RandomUsers */;
			targetProxy = 600622692C645A6A00F73A4B /* PBXContainerItemProxy */;
		};
/* End PBXTargetDependency section */

/* Begin XCBuildConfiguration section */
		600622702C645A6A00F73A4B /* Debug */ = {
			isa = XCBuildConfiguration;
			buildSettings = {
				ALWAYS_SEARCH_USER_PATHS = NO;
				ASSETCATALOG_COMPILER_GENERATE_SWIFT_ASSET_SYMBOL_EXTENSIONS = YES;
				CLANG_ANALYZER_NONNULL = YES;
				CLANG_ANALYZER_NUMBER_OBJECT_CONVERSION = YES_AGGRESSIVE;
				CLANG_CXX_LANGUAGE_STANDARD = "gnu++20";
				CLANG_ENABLE_MODULES = YES;
				CLANG_ENABLE_OBJC_ARC = YES;
				CLANG_ENABLE_OBJC_WEAK = YES;
				CLANG_WARN_BLOCK_CAPTURE_AUTORELEASING = YES;
				CLANG_WARN_BOOL_CONVERSION = YES;
				CLANG_WARN_COMMA = YES;
				CLANG_WARN_CONSTANT_CONVERSION = YES;
				CLANG_WARN_DEPRECATED_OBJC_IMPLEMENTATIONS = YES;
				CLANG_WARN_DIRECT_OBJC_ISA_USAGE = YES_ERROR;
				CLANG_WARN_DOCUMENTATION_COMMENTS = YES;
				CLANG_WARN_EMPTY_BODY = YES;
				CLANG_WARN_ENUM_CONVERSION = YES;
				CLANG_WARN_INFINITE_RECURSION = YES;
				CLANG_WARN_INT_CONVERSION = YES;
				CLANG_WARN_NON_LITERAL_NULL_CONVERSION = YES;
				CLANG_WARN_OBJC_IMPLICIT_RETAIN_SELF = YES;
				CLANG_WARN_OBJC_LITERAL_CONVERSION = YES;
				CLANG_WARN_OBJC_ROOT_CLASS = YES_ERROR;
				CLANG_WARN_QUOTED_INCLUDE_IN_FRAMEWORK_HEADER = YES;
				CLANG_WARN_RANGE_LOOP_ANALYSIS = YES;
				CLANG_WARN_STRICT_PROTOTYPES = YES;
				CLANG_WARN_SUSPICIOUS_MOVE = YES;
				CLANG_WARN_UNGUARDED_AVAILABILITY = YES_AGGRESSIVE;
				CLANG_WARN_UNREACHABLE_CODE = YES;
				CLANG_WARN__DUPLICATE_METHOD_MATCH = YES;
				COPY_PHASE_STRIP = NO;
				DEBUG_INFORMATION_FORMAT = dwarf;
				ENABLE_STRICT_OBJC_MSGSEND = YES;
				ENABLE_TESTABILITY = YES;
				ENABLE_USER_SCRIPT_SANDBOXING = YES;
				GCC_C_LANGUAGE_STANDARD = gnu17;
				GCC_DYNAMIC_NO_PIC = NO;
				GCC_NO_COMMON_BLOCKS = YES;
				GCC_OPTIMIZATION_LEVEL = 0;
				GCC_PREPROCESSOR_DEFINITIONS = (
					"DEBUG=1",
					"$(inherited)",
				);
				GCC_WARN_64_TO_32_BIT_CONVERSION = YES;
				GCC_WARN_ABOUT_RETURN_TYPE = YES_ERROR;
				GCC_WARN_UNDECLARED_SELECTOR = YES;
				GCC_WARN_UNINITIALIZED_AUTOS = YES_AGGRESSIVE;
				GCC_WARN_UNUSED_FUNCTION = YES;
				GCC_WARN_UNUSED_VARIABLE = YES;
				IPHONEOS_DEPLOYMENT_TARGET = 17.5;
				LOCALIZATION_PREFERS_STRING_CATALOGS = YES;
				MTL_ENABLE_DEBUG_INFO = INCLUDE_SOURCE;
				MTL_FAST_MATH = YES;
				ONLY_ACTIVE_ARCH = YES;
				SDKROOT = iphoneos;
				SWIFT_ACTIVE_COMPILATION_CONDITIONS = "DEBUG $(inherited)";
				SWIFT_OPTIMIZATION_LEVEL = "-Onone";
			};
			name = Debug;
		};
		600622712C645A6A00F73A4B /* Release */ = {
			isa = XCBuildConfiguration;
			buildSettings = {
				ALWAYS_SEARCH_USER_PATHS = NO;
				ASSETCATALOG_COMPILER_GENERATE_SWIFT_ASSET_SYMBOL_EXTENSIONS = YES;
				CLANG_ANALYZER_NONNULL = YES;
				CLANG_ANALYZER_NUMBER_OBJECT_CONVERSION = YES_AGGRESSIVE;
				CLANG_CXX_LANGUAGE_STANDARD = "gnu++20";
				CLANG_ENABLE_MODULES = YES;
				CLANG_ENABLE_OBJC_ARC = YES;
				CLANG_ENABLE_OBJC_WEAK = YES;
				CLANG_WARN_BLOCK_CAPTURE_AUTORELEASING = YES;
				CLANG_WARN_BOOL_CONVERSION = YES;
				CLANG_WARN_COMMA = YES;
				CLANG_WARN_CONSTANT_CONVERSION = YES;
				CLANG_WARN_DEPRECATED_OBJC_IMPLEMENTATIONS = YES;
				CLANG_WARN_DIRECT_OBJC_ISA_USAGE = YES_ERROR;
				CLANG_WARN_DOCUMENTATION_COMMENTS = YES;
				CLANG_WARN_EMPTY_BODY = YES;
				CLANG_WARN_ENUM_CONVERSION = YES;
				CLANG_WARN_INFINITE_RECURSION = YES;
				CLANG_WARN_INT_CONVERSION = YES;
				CLANG_WARN_NON_LITERAL_NULL_CONVERSION = YES;
				CLANG_WARN_OBJC_IMPLICIT_RETAIN_SELF = YES;
				CLANG_WARN_OBJC_LITERAL_CONVERSION = YES;
				CLANG_WARN_OBJC_ROOT_CLASS = YES_ERROR;
				CLANG_WARN_QUOTED_INCLUDE_IN_FRAMEWORK_HEADER = YES;
				CLANG_WARN_RANGE_LOOP_ANALYSIS = YES;
				CLANG_WARN_STRICT_PROTOTYPES = YES;
				CLANG_WARN_SUSPICIOUS_MOVE = YES;
				CLANG_WARN_UNGUARDED_AVAILABILITY = YES_AGGRESSIVE;
				CLANG_WARN_UNREACHABLE_CODE = YES;
				CLANG_WARN__DUPLICATE_METHOD_MATCH = YES;
				COPY_PHASE_STRIP = NO;
				DEBUG_INFORMATION_FORMAT = "dwarf-with-dsym";
				ENABLE_NS_ASSERTIONS = NO;
				ENABLE_STRICT_OBJC_MSGSEND = YES;
				ENABLE_USER_SCRIPT_SANDBOXING = YES;
				GCC_C_LANGUAGE_STANDARD = gnu17;
				GCC_NO_COMMON_BLOCKS = YES;
				GCC_WARN_64_TO_32_BIT_CONVERSION = YES;
				GCC_WARN_ABOUT_RETURN_TYPE = YES_ERROR;
				GCC_WARN_UNDECLARED_SELECTOR = YES;
				GCC_WARN_UNINITIALIZED_AUTOS = YES_AGGRESSIVE;
				GCC_WARN_UNUSED_FUNCTION = YES;
				GCC_WARN_UNUSED_VARIABLE = YES;
				IPHONEOS_DEPLOYMENT_TARGET = 17.5;
				LOCALIZATION_PREFERS_STRING_CATALOGS = YES;
				MTL_ENABLE_DEBUG_INFO = NO;
				MTL_FAST_MATH = YES;
				SDKROOT = iphoneos;
				SWIFT_COMPILATION_MODE = wholemodule;
				VALIDATE_PRODUCT = YES;
			};
			name = Release;
		};
		600622732C645A6A00F73A4B /* Debug */ = {
			isa = XCBuildConfiguration;
			buildSettings = {
				ASSETCATALOG_COMPILER_APPICON_NAME = AppIcon;
				ASSETCATALOG_COMPILER_GLOBAL_ACCENT_COLOR_NAME = AccentColor;
				CODE_SIGN_STYLE = Automatic;
				CURRENT_PROJECT_VERSION = 1;
				DEVELOPMENT_ASSET_PATHS = "\"RandomUsers/Preview Content\"";
				ENABLE_PREVIEWS = YES;
				GENERATE_INFOPLIST_FILE = YES;
				INFOPLIST_KEY_UIApplicationSceneManifest_Generation = YES;
				INFOPLIST_KEY_UIApplicationSupportsIndirectInputEvents = YES;
				INFOPLIST_KEY_UILaunchScreen_Generation = YES;
				INFOPLIST_KEY_UISupportedInterfaceOrientations_iPad = "UIInterfaceOrientationPortrait UIInterfaceOrientationPortraitUpsideDown UIInterfaceOrientationLandscapeLeft UIInterfaceOrientationLandscapeRight";
				INFOPLIST_KEY_UISupportedInterfaceOrientations_iPhone = "UIInterfaceOrientationPortrait UIInterfaceOrientationLandscapeLeft UIInterfaceOrientationLandscapeRight";
				LD_RUNPATH_SEARCH_PATHS = (
					"$(inherited)",
					"@executable_path/Frameworks",
				);
				MARKETING_VERSION = 1.0;
				PRODUCT_BUNDLE_IDENTIFIER = com.eric.RandomUsers;
				PRODUCT_NAME = "$(TARGET_NAME)";
				SWIFT_EMIT_LOC_STRINGS = YES;
				SWIFT_VERSION = 5.0;
				TARGETED_DEVICE_FAMILY = "1,2";
			};
			name = Debug;
		};
		600622742C645A6A00F73A4B /* Release */ = {
			isa = XCBuildConfiguration;
			buildSettings = {
				ASSETCATALOG_COMPILER_APPICON_NAME = AppIcon;
				ASSETCATALOG_COMPILER_GLOBAL_ACCENT_COLOR_NAME = AccentColor;
				CODE_SIGN_STYLE = Automatic;
				CURRENT_PROJECT_VERSION = 1;
				DEVELOPMENT_ASSET_PATHS = "\"RandomUsers/Preview Content\"";
				ENABLE_PREVIEWS = YES;
				GENERATE_INFOPLIST_FILE = YES;
				INFOPLIST_KEY_UIApplicationSceneManifest_Generation = YES;
				INFOPLIST_KEY_UIApplicationSupportsIndirectInputEvents = YES;
				INFOPLIST_KEY_UILaunchScreen_Generation = YES;
				INFOPLIST_KEY_UISupportedInterfaceOrientations_iPad = "UIInterfaceOrientationPortrait UIInterfaceOrientationPortraitUpsideDown UIInterfaceOrientationLandscapeLeft UIInterfaceOrientationLandscapeRight";
				INFOPLIST_KEY_UISupportedInterfaceOrientations_iPhone = "UIInterfaceOrientationPortrait UIInterfaceOrientationLandscapeLeft UIInterfaceOrientationLandscapeRight";
				LD_RUNPATH_SEARCH_PATHS = (
					"$(inherited)",
					"@executable_path/Frameworks",
				);
				MARKETING_VERSION = 1.0;
				PRODUCT_BUNDLE_IDENTIFIER = com.eric.RandomUsers;
				PRODUCT_NAME = "$(TARGET_NAME)";
				SWIFT_EMIT_LOC_STRINGS = YES;
				SWIFT_VERSION = 5.0;
				TARGETED_DEVICE_FAMILY = "1,2";
			};
			name = Release;
		};
		600622762C645A6A00F73A4B /* Debug */ = {
			isa = XCBuildConfiguration;
			buildSettings = {
				ALWAYS_EMBED_SWIFT_STANDARD_LIBRARIES = YES;
				BUNDLE_LOADER = "$(TEST_HOST)";
				CODE_SIGN_STYLE = Automatic;
				CURRENT_PROJECT_VERSION = 1;
				GENERATE_INFOPLIST_FILE = YES;
				IPHONEOS_DEPLOYMENT_TARGET = 17.5;
				MARKETING_VERSION = 1.0;
				PRODUCT_BUNDLE_IDENTIFIER = com.eric.RandomUsersTests;
				PRODUCT_NAME = "$(TARGET_NAME)";
				SWIFT_EMIT_LOC_STRINGS = NO;
				SWIFT_VERSION = 5.0;
				TARGETED_DEVICE_FAMILY = "1,2";
				TEST_HOST = "$(BUILT_PRODUCTS_DIR)/RandomUsers.app/$(BUNDLE_EXECUTABLE_FOLDER_PATH)/RandomUsers";
			};
			name = Debug;
		};
		600622772C645A6A00F73A4B /* Release */ = {
			isa = XCBuildConfiguration;
			buildSettings = {
				ALWAYS_EMBED_SWIFT_STANDARD_LIBRARIES = YES;
				BUNDLE_LOADER = "$(TEST_HOST)";
				CODE_SIGN_STYLE = Automatic;
				CURRENT_PROJECT_VERSION = 1;
				GENERATE_INFOPLIST_FILE = YES;
				IPHONEOS_DEPLOYMENT_TARGET = 17.5;
				MARKETING_VERSION = 1.0;
				PRODUCT_BUNDLE_IDENTIFIER = com.eric.RandomUsersTests;
				PRODUCT_NAME = "$(TARGET_NAME)";
				SWIFT_EMIT_LOC_STRINGS = NO;
				SWIFT_VERSION = 5.0;
				TARGETED_DEVICE_FAMILY = "1,2";
				TEST_HOST = "$(BUILT_PRODUCTS_DIR)/RandomUsers.app/$(BUNDLE_EXECUTABLE_FOLDER_PATH)/RandomUsers";
			};
			name = Release;
		};
		600622792C645A6A00F73A4B /* Debug */ = {
			isa = XCBuildConfiguration;
			buildSettings = {
				ALWAYS_EMBED_SWIFT_STANDARD_LIBRARIES = YES;
				CODE_SIGN_STYLE = Automatic;
				CURRENT_PROJECT_VERSION = 1;
				GENERATE_INFOPLIST_FILE = YES;
				MARKETING_VERSION = 1.0;
				PRODUCT_BUNDLE_IDENTIFIER = com.eric.RandomUsersUITests;
				PRODUCT_NAME = "$(TARGET_NAME)";
				SWIFT_EMIT_LOC_STRINGS = NO;
				SWIFT_VERSION = 5.0;
				TARGETED_DEVICE_FAMILY = "1,2";
				TEST_TARGET_NAME = RandomUsers;
			};
			name = Debug;
		};
		6006227A2C645A6A00F73A4B /* Release */ = {
			isa = XCBuildConfiguration;
			buildSettings = {
				ALWAYS_EMBED_SWIFT_STANDARD_LIBRARIES = YES;
				CODE_SIGN_STYLE = Automatic;
				CURRENT_PROJECT_VERSION = 1;
				GENERATE_INFOPLIST_FILE = YES;
				MARKETING_VERSION = 1.0;
				PRODUCT_BUNDLE_IDENTIFIER = com.eric.RandomUsersUITests;
				PRODUCT_NAME = "$(TARGET_NAME)";
				SWIFT_EMIT_LOC_STRINGS = NO;
				SWIFT_VERSION = 5.0;
				TARGETED_DEVICE_FAMILY = "1,2";
				TEST_TARGET_NAME = RandomUsers;
			};
			name = Release;
		};
/* End XCBuildConfiguration section */

/* Begin XCConfigurationList section */
		600622492C645A6900F73A4B /* Build configuration list for PBXProject "RandomUsers" */ = {
			isa = XCConfigurationList;
			buildConfigurations = (
				600622702C645A6A00F73A4B /* Debug */,
				600622712C645A6A00F73A4B /* Release */,
			);
			defaultConfigurationIsVisible = 0;
			defaultConfigurationName = Release;
		};
		600622722C645A6A00F73A4B /* Build configuration list for PBXNativeTarget "RandomUsers" */ = {
			isa = XCConfigurationList;
			buildConfigurations = (
				600622732C645A6A00F73A4B /* Debug */,
				600622742C645A6A00F73A4B /* Release */,
			);
			defaultConfigurationIsVisible = 0;
			defaultConfigurationName = Release;
		};
		600622752C645A6A00F73A4B /* Build configuration list for PBXNativeTarget "RandomUsersTests" */ = {
			isa = XCConfigurationList;
			buildConfigurations = (
				600622762C645A6A00F73A4B /* Debug */,
				600622772C645A6A00F73A4B /* Release */,
			);
			defaultConfigurationIsVisible = 0;
			defaultConfigurationName = Release;
		};
		600622782C645A6A00F73A4B /* Build configuration list for PBXNativeTarget "RandomUsersUITests" */ = {
			isa = XCConfigurationList;
			buildConfigurations = (
				600622792C645A6A00F73A4B /* Debug */,
				6006227A2C645A6A00F73A4B /* Release */,
			);
			defaultConfigurationIsVisible = 0;
			defaultConfigurationName = Release;
		};
/* End XCConfigurationList section */
	};
	rootObject = 600622462C645A6900F73A4B /* Project object */;
}
